// !$*UTF8*$!
{
	archiveVersion = 1;
	classes = {
	};
	objectVersion = 56;
	objects = {

/* Begin PBXBuildFile section */
		3C3E374D29C5B40B00438C4C /* CountriesApp.swift in Sources */ = {isa = PBXBuildFile; fileRef = 3C3E374C29C5B40B00438C4C /* CountriesApp.swift */; };
		3C3E374F29C5B40B00438C4C /* ContentView.swift in Sources */ = {isa = PBXBuildFile; fileRef = 3C3E374E29C5B40B00438C4C /* ContentView.swift */; };
		3C3E375129C5B40C00438C4C /* Assets.xcassets in Resources */ = {isa = PBXBuildFile; fileRef = 3C3E375029C5B40C00438C4C /* Assets.xcassets */; };
		3C3E375429C5B40C00438C4C /* Preview Assets.xcassets in Resources */ = {isa = PBXBuildFile; fileRef = 3C3E375329C5B40C00438C4C /* Preview Assets.xcassets */; };
		3C3E375E29C5B40C00438C4C /* CountriesTests.swift in Sources */ = {isa = PBXBuildFile; fileRef = 3C3E375D29C5B40C00438C4C /* CountriesTests.swift */; };
		3C3E376829C5B40C00438C4C /* CountriesUITests.swift in Sources */ = {isa = PBXBuildFile; fileRef = 3C3E376729C5B40C00438C4C /* CountriesUITests.swift */; };
		3C3E376A29C5B40C00438C4C /* CountriesUITestsLaunchTests.swift in Sources */ = {isa = PBXBuildFile; fileRef = 3C3E376929C5B40C00438C4C /* CountriesUITestsLaunchTests.swift */; };
		3C3E377729C5B41B00438C4C /* Country.swift in Sources */ = {isa = PBXBuildFile; fileRef = 3C3E377629C5B41B00438C4C /* Country.swift */; };
		3C3E377B29C5B7ED00438C4C /* CountryListViewModel.swift in Sources */ = {isa = PBXBuildFile; fileRef = 3C3E377A29C5B7ED00438C4C /* CountryListViewModel.swift */; };
		3C3E377E29C5B80E00438C4C /* CountryService.swift in Sources */ = {isa = PBXBuildFile; fileRef = 3C3E377D29C5B80E00438C4C /* CountryService.swift */; };
		3C3E378029C5B82B00438C4C /* ServiceProtocol.swift in Sources */ = {isa = PBXBuildFile; fileRef = 3C3E377F29C5B82B00438C4C /* ServiceProtocol.swift */; };
		3C3E378529C5C42600438C4C /* LoadingView.swift in Sources */ = {isa = PBXBuildFile; fileRef = 3C3E378429C5C42600438C4C /* LoadingView.swift */; };
		3C3E378729C5C49700438C4C /* ErrorView.swift in Sources */ = {isa = PBXBuildFile; fileRef = 3C3E378629C5C49700438C4C /* ErrorView.swift */; };
		3C3E378929C5C5A900438C4C /* CountryRow.swift in Sources */ = {isa = PBXBuildFile; fileRef = 3C3E378829C5C5A900438C4C /* CountryRow.swift */; };
/* End PBXBuildFile section */

/* Begin PBXContainerItemProxy section */
		3C3E375A29C5B40C00438C4C /* PBXContainerItemProxy */ = {
			isa = PBXContainerItemProxy;
			containerPortal = 3C3E374129C5B40B00438C4C /* Project object */;
			proxyType = 1;
			remoteGlobalIDString = 3C3E374829C5B40B00438C4C;
			remoteInfo = Countries;
		};
		3C3E376429C5B40C00438C4C /* PBXContainerItemProxy */ = {
			isa = PBXContainerItemProxy;
			containerPortal = 3C3E374129C5B40B00438C4C /* Project object */;
			proxyType = 1;
			remoteGlobalIDString = 3C3E374829C5B40B00438C4C;
			remoteInfo = Countries;
		};
/* End PBXContainerItemProxy section */

/* Begin PBXFileReference section */
		3C3E374929C5B40B00438C4C /* Countries.app */ = {isa = PBXFileReference; explicitFileType = wrapper.application; includeInIndex = 0; path = Countries.app; sourceTree = BUILT_PRODUCTS_DIR; };
		3C3E374C29C5B40B00438C4C /* CountriesApp.swift */ = {isa = PBXFileReference; lastKnownFileType = sourcecode.swift; path = CountriesApp.swift; sourceTree = "<group>"; };
		3C3E374E29C5B40B00438C4C /* ContentView.swift */ = {isa = PBXFileReference; lastKnownFileType = sourcecode.swift; path = ContentView.swift; sourceTree = "<group>"; };
		3C3E375029C5B40C00438C4C /* Assets.xcassets */ = {isa = PBXFileReference; lastKnownFileType = folder.assetcatalog; path = Assets.xcassets; sourceTree = "<group>"; };
		3C3E375329C5B40C00438C4C /* Preview Assets.xcassets */ = {isa = PBXFileReference; lastKnownFileType = folder.assetcatalog; path = "Preview Assets.xcassets"; sourceTree = "<group>"; };
		3C3E375929C5B40C00438C4C /* CountriesTests.xctest */ = {isa = PBXFileReference; explicitFileType = wrapper.cfbundle; includeInIndex = 0; path = CountriesTests.xctest; sourceTree = BUILT_PRODUCTS_DIR; };
		3C3E375D29C5B40C00438C4C /* CountriesTests.swift */ = {isa = PBXFileReference; lastKnownFileType = sourcecode.swift; path = CountriesTests.swift; sourceTree = "<group>"; };
		3C3E376329C5B40C00438C4C /* CountriesUITests.xctest */ = {isa = PBXFileReference; explicitFileType = wrapper.cfbundle; includeInIndex = 0; path = CountriesUITests.xctest; sourceTree = BUILT_PRODUCTS_DIR; };
		3C3E376729C5B40C00438C4C /* CountriesUITests.swift */ = {isa = PBXFileReference; lastKnownFileType = sourcecode.swift; path = CountriesUITests.swift; sourceTree = "<group>"; };
		3C3E376929C5B40C00438C4C /* CountriesUITestsLaunchTests.swift */ = {isa = PBXFileReference; lastKnownFileType = sourcecode.swift; path = CountriesUITestsLaunchTests.swift; sourceTree = "<group>"; };
		3C3E377629C5B41B00438C4C /* Country.swift */ = {isa = PBXFileReference; lastKnownFileType = sourcecode.swift; path = Country.swift; sourceTree = "<group>"; };
		3C3E377A29C5B7ED00438C4C /* CountryListViewModel.swift */ = {isa = PBXFileReference; lastKnownFileType = sourcecode.swift; path = CountryListViewModel.swift; sourceTree = "<group>"; };
		3C3E377D29C5B80E00438C4C /* CountryService.swift */ = {isa = PBXFileReference; lastKnownFileType = sourcecode.swift; path = CountryService.swift; sourceTree = "<group>"; };
		3C3E377F29C5B82B00438C4C /* ServiceProtocol.swift */ = {isa = PBXFileReference; lastKnownFileType = sourcecode.swift; path = ServiceProtocol.swift; sourceTree = "<group>"; };
		3C3E378429C5C42600438C4C /* LoadingView.swift */ = {isa = PBXFileReference; lastKnownFileType = sourcecode.swift; path = LoadingView.swift; sourceTree = "<group>"; };
		3C3E378629C5C49700438C4C /* ErrorView.swift */ = {isa = PBXFileReference; lastKnownFileType = sourcecode.swift; path = ErrorView.swift; sourceTree = "<group>"; };
		3C3E378829C5C5A900438C4C /* CountryRow.swift */ = {isa = PBXFileReference; lastKnownFileType = sourcecode.swift; path = CountryRow.swift; sourceTree = "<group>"; };
/* End PBXFileReference section */

/* Begin PBXFrameworksBuildPhase section */
		3C3E374629C5B40B00438C4C /* Frameworks */ = {
			isa = PBXFrameworksBuildPhase;
			buildActionMask = 2147483647;
			files = (
			);
			runOnlyForDeploymentPostprocessing = 0;
		};
		3C3E375629C5B40C00438C4C /* Frameworks */ = {
			isa = PBXFrameworksBuildPhase;
			buildActionMask = 2147483647;
			files = (
			);
			runOnlyForDeploymentPostprocessing = 0;
		};
		3C3E376029C5B40C00438C4C /* Frameworks */ = {
			isa = PBXFrameworksBuildPhase;
			buildActionMask = 2147483647;
			files = (
			);
			runOnlyForDeploymentPostprocessing = 0;
		};
/* End PBXFrameworksBuildPhase section */

/* Begin PBXGroup section */
		3C3E374029C5B40B00438C4C = {
			isa = PBXGroup;
			children = (
				3C3E374B29C5B40B00438C4C /* Countries */,
				3C3E375C29C5B40C00438C4C /* CountriesTests */,
				3C3E376629C5B40C00438C4C /* CountriesUITests */,
				3C3E374A29C5B40B00438C4C /* Products */,
			);
			sourceTree = "<group>";
		};
		3C3E374A29C5B40B00438C4C /* Products */ = {
			isa = PBXGroup;
			children = (
				3C3E374929C5B40B00438C4C /* Countries.app */,
				3C3E375929C5B40C00438C4C /* CountriesTests.xctest */,
				3C3E376329C5B40C00438C4C /* CountriesUITests.xctest */,
			);
			name = Products;
			sourceTree = "<group>";
		};
		3C3E374B29C5B40B00438C4C /* Countries */ = {
			isa = PBXGroup;
			children = (
				3C3E377C29C5B80000438C4C /* Service */,
				3C3E377929C5B7D400438C4C /* ViewModel */,
				3C3E374C29C5B40B00438C4C /* CountriesApp.swift */,
				3C3E378129C5BCEC00438C4C /* View */,
				3C3E375029C5B40C00438C4C /* Assets.xcassets */,
				3C3E375229C5B40C00438C4C /* Preview Content */,
				3C3E377829C5B42000438C4C /* Model */,
			);
			path = Countries;
			sourceTree = "<group>";
		};
		3C3E375229C5B40C00438C4C /* Preview Content */ = {
			isa = PBXGroup;
			children = (
				3C3E375329C5B40C00438C4C /* Preview Assets.xcassets */,
			);
			path = "Preview Content";
			sourceTree = "<group>";
		};
		3C3E375C29C5B40C00438C4C /* CountriesTests */ = {
			isa = PBXGroup;
			children = (
				3C3E375D29C5B40C00438C4C /* CountriesTests.swift */,
			);
			path = CountriesTests;
			sourceTree = "<group>";
		};
		3C3E376629C5B40C00438C4C /* CountriesUITests */ = {
			isa = PBXGroup;
			children = (
				3C3E376729C5B40C00438C4C /* CountriesUITests.swift */,
				3C3E376929C5B40C00438C4C /* CountriesUITestsLaunchTests.swift */,
			);
			path = CountriesUITests;
			sourceTree = "<group>";
		};
		3C3E377829C5B42000438C4C /* Model */ = {
			isa = PBXGroup;
			children = (
				3C3E377629C5B41B00438C4C /* Country.swift */,
			);
			path = Model;
			sourceTree = "<group>";
		};
		3C3E377929C5B7D400438C4C /* ViewModel */ = {
			isa = PBXGroup;
			children = (
				3C3E377A29C5B7ED00438C4C /* CountryListViewModel.swift */,
			);
			path = ViewModel;
			sourceTree = "<group>";
		};
		3C3E377C29C5B80000438C4C /* Service */ = {
			isa = PBXGroup;
			children = (
				3C3E377D29C5B80E00438C4C /* CountryService.swift */,
				3C3E377F29C5B82B00438C4C /* ServiceProtocol.swift */,
			);
			path = Service;
			sourceTree = "<group>";
		};
		3C3E378129C5BCEC00438C4C /* View */ = {
			isa = PBXGroup;
			children = (
				3C3E374E29C5B40B00438C4C /* ContentView.swift */,
				3C3E378429C5C42600438C4C /* LoadingView.swift */,
				3C3E378629C5C49700438C4C /* ErrorView.swift */,
				3C3E378829C5C5A900438C4C /* CountryRow.swift */,
			);
			path = View;
			sourceTree = "<group>";
		};
/* End PBXGroup section */

/* Begin PBXNativeTarget section */
		3C3E374829C5B40B00438C4C /* Countries */ = {
			isa = PBXNativeTarget;
			buildConfigurationList = 3C3E376D29C5B40C00438C4C /* Build configuration list for PBXNativeTarget "Countries" */;
			buildPhases = (
				3C3E374529C5B40B00438C4C /* Sources */,
				3C3E374629C5B40B00438C4C /* Frameworks */,
				3C3E374729C5B40B00438C4C /* Resources */,
			);
			buildRules = (
			);
			dependencies = (
			);
			name = Countries;
			productName = Countries;
			productReference = 3C3E374929C5B40B00438C4C /* Countries.app */;
			productType = "com.apple.product-type.application";
		};
		3C3E375829C5B40C00438C4C /* CountriesTests */ = {
			isa = PBXNativeTarget;
			buildConfigurationList = 3C3E377029C5B40C00438C4C /* Build configuration list for PBXNativeTarget "CountriesTests" */;
			buildPhases = (
				3C3E375529C5B40C00438C4C /* Sources */,
				3C3E375629C5B40C00438C4C /* Frameworks */,
				3C3E375729C5B40C00438C4C /* Resources */,
			);
			buildRules = (
			);
			dependencies = (
				3C3E375B29C5B40C00438C4C /* PBXTargetDependency */,
			);
			name = CountriesTests;
			productName = CountriesTests;
			productReference = 3C3E375929C5B40C00438C4C /* CountriesTests.xctest */;
			productType = "com.apple.product-type.bundle.unit-test";
		};
		3C3E376229C5B40C00438C4C /* CountriesUITests */ = {
			isa = PBXNativeTarget;
			buildConfigurationList = 3C3E377329C5B40C00438C4C /* Build configuration list for PBXNativeTarget "CountriesUITests" */;
			buildPhases = (
				3C3E375F29C5B40C00438C4C /* Sources */,
				3C3E376029C5B40C00438C4C /* Frameworks */,
				3C3E376129C5B40C00438C4C /* Resources */,
			);
			buildRules = (
			);
			dependencies = (
				3C3E376529C5B40C00438C4C /* PBXTargetDependency */,
			);
			name = CountriesUITests;
			productName = CountriesUITests;
			productReference = 3C3E376329C5B40C00438C4C /* CountriesUITests.xctest */;
			productType = "com.apple.product-type.bundle.ui-testing";
		};
/* End PBXNativeTarget section */

/* Begin PBXProject section */
		3C3E374129C5B40B00438C4C /* Project object */ = {
			isa = PBXProject;
			attributes = {
				BuildIndependentTargetsInParallel = 1;
				LastSwiftUpdateCheck = 1420;
				LastUpgradeCheck = 1420;
				TargetAttributes = {
					3C3E374829C5B40B00438C4C = {
						CreatedOnToolsVersion = 14.2;
					};
					3C3E375829C5B40C00438C4C = {
						CreatedOnToolsVersion = 14.2;
						TestTargetID = 3C3E374829C5B40B00438C4C;
					};
					3C3E376229C5B40C00438C4C = {
						CreatedOnToolsVersion = 14.2;
						TestTargetID = 3C3E374829C5B40B00438C4C;
					};
				};
			};
			buildConfigurationList = 3C3E374429C5B40B00438C4C /* Build configuration list for PBXProject "Countries" */;
			compatibilityVersion = "Xcode 14.0";
			developmentRegion = en;
			hasScannedForEncodings = 0;
			knownRegions = (
				en,
				Base,
			);
			mainGroup = 3C3E374029C5B40B00438C4C;
			productRefGroup = 3C3E374A29C5B40B00438C4C /* Products */;
			projectDirPath = "";
			projectRoot = "";
			targets = (
				3C3E374829C5B40B00438C4C /* Countries */,
				3C3E375829C5B40C00438C4C /* CountriesTests */,
				3C3E376229C5B40C00438C4C /* CountriesUITests */,
			);
		};
/* End PBXProject section */

/* Begin PBXResourcesBuildPhase section */
		3C3E374729C5B40B00438C4C /* Resources */ = {
			isa = PBXResourcesBuildPhase;
			buildActionMask = 2147483647;
			files = (
				3C3E375429C5B40C00438C4C /* Preview Assets.xcassets in Resources */,
				3C3E375129C5B40C00438C4C /* Assets.xcassets in Resources */,
			);
			runOnlyForDeploymentPostprocessing = 0;
		};
		3C3E375729C5B40C00438C4C /* Resources */ = {
			isa = PBXResourcesBuildPhase;
			buildActionMask = 2147483647;
			files = (
			);
			runOnlyForDeploymentPostprocessing = 0;
		};
		3C3E376129C5B40C00438C4C /* Resources */ = {
			isa = PBXResourcesBuildPhase;
			buildActionMask = 2147483647;
			files = (
			);
			runOnlyForDeploymentPostprocessing = 0;
		};
/* End PBXResourcesBuildPhase section */

/* Begin PBXSourcesBuildPhase section */
		3C3E374529C5B40B00438C4C /* Sources */ = {
			isa = PBXSourcesBuildPhase;
			buildActionMask = 2147483647;
			files = (
				3C3E374F29C5B40B00438C4C /* ContentView.swift in Sources */,
				3C3E377E29C5B80E00438C4C /* CountryService.swift in Sources */,
				3C3E377B29C5B7ED00438C4C /* CountryListViewModel.swift in Sources */,
				3C3E378029C5B82B00438C4C /* ServiceProtocol.swift in Sources */,
				3C3E377729C5B41B00438C4C /* Country.swift in Sources */,
				3C3E378529C5C42600438C4C /* LoadingView.swift in Sources */,
				3C3E378929C5C5A900438C4C /* CountryRow.swift in Sources */,
				3C3E374D29C5B40B00438C4C /* CountriesApp.swift in Sources */,
				3C3E378729C5C49700438C4C /* ErrorView.swift in Sources */,
			);
			runOnlyForDeploymentPostprocessing = 0;
		};
		3C3E375529C5B40C00438C4C /* Sources */ = {
			isa = PBXSourcesBuildPhase;
			buildActionMask = 2147483647;
			files = (
				3C3E375E29C5B40C00438C4C /* CountriesTests.swift in Sources */,
			);
			runOnlyForDeploymentPostprocessing = 0;
		};
		3C3E375F29C5B40C00438C4C /* Sources */ = {
			isa = PBXSourcesBuildPhase;
			buildActionMask = 2147483647;
			files = (
				3C3E376829C5B40C00438C4C /* CountriesUITests.swift in Sources */,
				3C3E376A29C5B40C00438C4C /* CountriesUITestsLaunchTests.swift in Sources */,
			);
			runOnlyForDeploymentPostprocessing = 0;
		};
/* End PBXSourcesBuildPhase section */

/* Begin PBXTargetDependency section */
		3C3E375B29C5B40C00438C4C /* PBXTargetDependency */ = {
			isa = PBXTargetDependency;
			target = 3C3E374829C5B40B00438C4C /* Countries */;
			targetProxy = 3C3E375A29C5B40C00438C4C /* PBXContainerItemProxy */;
		};
		3C3E376529C5B40C00438C4C /* PBXTargetDependency */ = {
			isa = PBXTargetDependency;
			target = 3C3E374829C5B40B00438C4C /* Countries */;
			targetProxy = 3C3E376429C5B40C00438C4C /* PBXContainerItemProxy */;
		};
/* End PBXTargetDependency section */

/* Begin XCBuildConfiguration section */
		3C3E376B29C5B40C00438C4C /* Debug */ = {
			isa = XCBuildConfiguration;
			buildSettings = {
				ALWAYS_SEARCH_USER_PATHS = NO;
				CLANG_ANALYZER_NONNULL = YES;
				CLANG_ANALYZER_NUMBER_OBJECT_CONVERSION = YES_AGGRESSIVE;
				CLANG_CXX_LANGUAGE_STANDARD = "gnu++20";
				CLANG_ENABLE_MODULES = YES;
				CLANG_ENABLE_OBJC_ARC = YES;
				CLANG_ENABLE_OBJC_WEAK = YES;
				CLANG_WARN_BLOCK_CAPTURE_AUTORELEASING = YES;
				CLANG_WARN_BOOL_CONVERSION = YES;
				CLANG_WARN_COMMA = YES;
				CLANG_WARN_CONSTANT_CONVERSION = YES;
				CLANG_WARN_DEPRECATED_OBJC_IMPLEMENTATIONS = YES;
				CLANG_WARN_DIRECT_OBJC_ISA_USAGE = YES_ERROR;
				CLANG_WARN_DOCUMENTATION_COMMENTS = YES;
				CLANG_WARN_EMPTY_BODY = YES;
				CLANG_WARN_ENUM_CONVERSION = YES;
				CLANG_WARN_INFINITE_RECURSION = YES;
				CLANG_WARN_INT_CONVERSION = YES;
				CLANG_WARN_NON_LITERAL_NULL_CONVERSION = YES;
				CLANG_WARN_OBJC_IMPLICIT_RETAIN_SELF = YES;
				CLANG_WARN_OBJC_LITERAL_CONVERSION = YES;
				CLANG_WARN_OBJC_ROOT_CLASS = YES_ERROR;
				CLANG_WARN_QUOTED_INCLUDE_IN_FRAMEWORK_HEADER = YES;
				CLANG_WARN_RANGE_LOOP_ANALYSIS = YES;
				CLANG_WARN_STRICT_PROTOTYPES = YES;
				CLANG_WARN_SUSPICIOUS_MOVE = YES;
				CLANG_WARN_UNGUARDED_AVAILABILITY = YES_AGGRESSIVE;
				CLANG_WARN_UNREACHABLE_CODE = YES;
				CLANG_WARN__DUPLICATE_METHOD_MATCH = YES;
				COPY_PHASE_STRIP = NO;
				DEBUG_INFORMATION_FORMAT = dwarf;
				ENABLE_STRICT_OBJC_MSGSEND = YES;
				ENABLE_TESTABILITY = YES;
				GCC_C_LANGUAGE_STANDARD = gnu11;
				GCC_DYNAMIC_NO_PIC = NO;
				GCC_NO_COMMON_BLOCKS = YES;
				GCC_OPTIMIZATION_LEVEL = 0;
				GCC_PREPROCESSOR_DEFINITIONS = (
					"DEBUG=1",
					"$(inherited)",
				);
				GCC_WARN_64_TO_32_BIT_CONVERSION = YES;
				GCC_WARN_ABOUT_RETURN_TYPE = YES_ERROR;
				GCC_WARN_UNDECLARED_SELECTOR = YES;
				GCC_WARN_UNINITIALIZED_AUTOS = YES_AGGRESSIVE;
				GCC_WARN_UNUSED_FUNCTION = YES;
				GCC_WARN_UNUSED_VARIABLE = YES;
				IPHONEOS_DEPLOYMENT_TARGET = 16.2;
				MTL_ENABLE_DEBUG_INFO = INCLUDE_SOURCE;
				MTL_FAST_MATH = YES;
				ONLY_ACTIVE_ARCH = YES;
				SDKROOT = iphoneos;
				SWIFT_ACTIVE_COMPILATION_CONDITIONS = DEBUG;
				SWIFT_OPTIMIZATION_LEVEL = "-Onone";
			};
			name = Debug;
		};
		3C3E376C29C5B40C00438C4C /* Release */ = {
			isa = XCBuildConfiguration;
			buildSettings = {
				ALWAYS_SEARCH_USER_PATHS = NO;
				CLANG_ANALYZER_NONNULL = YES;
				CLANG_ANALYZER_NUMBER_OBJECT_CONVERSION = YES_AGGRESSIVE;
				CLANG_CXX_LANGUAGE_STANDARD = "gnu++20";
				CLANG_ENABLE_MODULES = YES;
				CLANG_ENABLE_OBJC_ARC = YES;
				CLANG_ENABLE_OBJC_WEAK = YES;
				CLANG_WARN_BLOCK_CAPTURE_AUTORELEASING = YES;
				CLANG_WARN_BOOL_CONVERSION = YES;
				CLANG_WARN_COMMA = YES;
				CLANG_WARN_CONSTANT_CONVERSION = YES;
				CLANG_WARN_DEPRECATED_OBJC_IMPLEMENTATIONS = YES;
				CLANG_WARN_DIRECT_OBJC_ISA_USAGE = YES_ERROR;
				CLANG_WARN_DOCUMENTATION_COMMENTS = YES;
				CLANG_WARN_EMPTY_BODY = YES;
				CLANG_WARN_ENUM_CONVERSION = YES;
				CLANG_WARN_INFINITE_RECURSION = YES;
				CLANG_WARN_INT_CONVERSION = YES;
				CLANG_WARN_NON_LITERAL_NULL_CONVERSION = YES;
				CLANG_WARN_OBJC_IMPLICIT_RETAIN_SELF = YES;
				CLANG_WARN_OBJC_LITERAL_CONVERSION = YES;
				CLANG_WARN_OBJC_ROOT_CLASS = YES_ERROR;
				CLANG_WARN_QUOTED_INCLUDE_IN_FRAMEWORK_HEADER = YES;
				CLANG_WARN_RANGE_LOOP_ANALYSIS = YES;
				CLANG_WARN_STRICT_PROTOTYPES = YES;
				CLANG_WARN_SUSPICIOUS_MOVE = YES;
				CLANG_WARN_UNGUARDED_AVAILABILITY = YES_AGGRESSIVE;
				CLANG_WARN_UNREACHABLE_CODE = YES;
				CLANG_WARN__DUPLICATE_METHOD_MATCH = YES;
				COPY_PHASE_STRIP = NO;
				DEBUG_INFORMATION_FORMAT = "dwarf-with-dsym";
				ENABLE_NS_ASSERTIONS = NO;
				ENABLE_STRICT_OBJC_MSGSEND = YES;
				GCC_C_LANGUAGE_STANDARD = gnu11;
				GCC_NO_COMMON_BLOCKS = YES;
				GCC_WARN_64_TO_32_BIT_CONVERSION = YES;
				GCC_WARN_ABOUT_RETURN_TYPE = YES_ERROR;
				GCC_WARN_UNDECLARED_SELECTOR = YES;
				GCC_WARN_UNINITIALIZED_AUTOS = YES_AGGRESSIVE;
				GCC_WARN_UNUSED_FUNCTION = YES;
				GCC_WARN_UNUSED_VARIABLE = YES;
				IPHONEOS_DEPLOYMENT_TARGET = 16.2;
				MTL_ENABLE_DEBUG_INFO = NO;
				MTL_FAST_MATH = YES;
				SDKROOT = iphoneos;
				SWIFT_COMPILATION_MODE = wholemodule;
				SWIFT_OPTIMIZATION_LEVEL = "-O";
				VALIDATE_PRODUCT = YES;
			};
			name = Release;
		};
		3C3E376E29C5B40C00438C4C /* Debug */ = {
			isa = XCBuildConfiguration;
			buildSettings = {
				ASSETCATALOG_COMPILER_APPICON_NAME = AppIcon;
				ASSETCATALOG_COMPILER_GLOBAL_ACCENT_COLOR_NAME = AccentColor;
				CODE_SIGN_STYLE = Automatic;
				CURRENT_PROJECT_VERSION = 1;
				DEVELOPMENT_ASSET_PATHS = "\"Countries/Preview Content\"";
				ENABLE_PREVIEWS = YES;
				GENERATE_INFOPLIST_FILE = YES;
				INFOPLIST_KEY_UIApplicationSceneManifest_Generation = YES;
				INFOPLIST_KEY_UIApplicationSupportsIndirectInputEvents = YES;
				INFOPLIST_KEY_UILaunchScreen_Generation = YES;
				INFOPLIST_KEY_UISupportedInterfaceOrientations_iPad = "UIInterfaceOrientationPortrait UIInterfaceOrientationPortraitUpsideDown UIInterfaceOrientationLandscapeLeft UIInterfaceOrientationLandscapeRight";
				INFOPLIST_KEY_UISupportedInterfaceOrientations_iPhone = "UIInterfaceOrientationPortrait UIInterfaceOrientationLandscapeLeft UIInterfaceOrientationLandscapeRight";
				LD_RUNPATH_SEARCH_PATHS = (
					"$(inherited)",
					"@executable_path/Frameworks",
				);
				MARKETING_VERSION = 1.0;
				PRODUCT_BUNDLE_IDENTIFIER = tini.Countries;
				PRODUCT_NAME = "$(TARGET_NAME)";
				SWIFT_EMIT_LOC_STRINGS = YES;
				SWIFT_VERSION = 5.0;
				TARGETED_DEVICE_FAMILY = "1,2";
			};
			name = Debug;
		};
		3C3E376F29C5B40C00438C4C /* Release */ = {
			isa = XCBuildConfiguration;
			buildSettings = {
				ASSETCATALOG_COMPILER_APPICON_NAME = AppIcon;
				ASSETCATALOG_COMPILER_GLOBAL_ACCENT_COLOR_NAME = AccentColor;
				CODE_SIGN_STYLE = Automatic;
				CURRENT_PROJECT_VERSION = 1;
				DEVELOPMENT_ASSET_PATHS = "\"Countries/Preview Content\"";
				ENABLE_PREVIEWS = YES;
				GENERATE_INFOPLIST_FILE = YES;
				INFOPLIST_KEY_UIApplicationSceneManifest_Generation = YES;
				INFOPLIST_KEY_UIApplicationSupportsIndirectInputEvents = YES;
				INFOPLIST_KEY_UILaunchScreen_Generation = YES;
				INFOPLIST_KEY_UISupportedInterfaceOrientations_iPad = "UIInterfaceOrientationPortrait UIInterfaceOrientationPortraitUpsideDown UIInterfaceOrientationLandscapeLeft UIInterfaceOrientationLandscapeRight";
				INFOPLIST_KEY_UISupportedInterfaceOrientations_iPhone = "UIInterfaceOrientationPortrait UIInterfaceOrientationLandscapeLeft UIInterfaceOrientationLandscapeRight";
				LD_RUNPATH_SEARCH_PATHS = (
					"$(inherited)",
					"@executable_path/Frameworks",
				);
				MARKETING_VERSION = 1.0;
				PRODUCT_BUNDLE_IDENTIFIER = tini.Countries;
				PRODUCT_NAME = "$(TARGET_NAME)";
				SWIFT_EMIT_LOC_STRINGS = YES;
				SWIFT_VERSION = 5.0;
				TARGETED_DEVICE_FAMILY = "1,2";
			};
			name = Release;
		};
		3C3E377129C5B40C00438C4C /* Debug */ = {
			isa = XCBuildConfiguration;
			buildSettings = {
				ALWAYS_EMBED_SWIFT_STANDARD_LIBRARIES = YES;
				BUNDLE_LOADER = "$(TEST_HOST)";
				CODE_SIGN_STYLE = Automatic;
				CURRENT_PROJECT_VERSION = 1;
				GENERATE_INFOPLIST_FILE = YES;
				IPHONEOS_DEPLOYMENT_TARGET = 16.2;
				MARKETING_VERSION = 1.0;
				PRODUCT_BUNDLE_IDENTIFIER = tini.CountriesTests;
				PRODUCT_NAME = "$(TARGET_NAME)";
				SWIFT_EMIT_LOC_STRINGS = NO;
				SWIFT_VERSION = 5.0;
				TARGETED_DEVICE_FAMILY = "1,2";
				TEST_HOST = "$(BUILT_PRODUCTS_DIR)/Countries.app/$(BUNDLE_EXECUTABLE_FOLDER_PATH)/Countries";
			};
			name = Debug;
		};
		3C3E377229C5B40C00438C4C /* Release */ = {
			isa = XCBuildConfiguration;
			buildSettings = {
				ALWAYS_EMBED_SWIFT_STANDARD_LIBRARIES = YES;
				BUNDLE_LOADER = "$(TEST_HOST)";
				CODE_SIGN_STYLE = Automatic;
				CURRENT_PROJECT_VERSION = 1;
				GENERATE_INFOPLIST_FILE = YES;
				IPHONEOS_DEPLOYMENT_TARGET = 16.2;
				MARKETING_VERSION = 1.0;
				PRODUCT_BUNDLE_IDENTIFIER = tini.CountriesTests;
				PRODUCT_NAME = "$(TARGET_NAME)";
				SWIFT_EMIT_LOC_STRINGS = NO;
				SWIFT_VERSION = 5.0;
				TARGETED_DEVICE_FAMILY = "1,2";
				TEST_HOST = "$(BUILT_PRODUCTS_DIR)/Countries.app/$(BUNDLE_EXECUTABLE_FOLDER_PATH)/Countries";
			};
			name = Release;
		};
		3C3E377429C5B40C00438C4C /* Debug */ = {
			isa = XCBuildConfiguration;
			buildSettings = {
				ALWAYS_EMBED_SWIFT_STANDARD_LIBRARIES = YES;
				CODE_SIGN_STYLE = Automatic;
				CURRENT_PROJECT_VERSION = 1;
				GENERATE_INFOPLIST_FILE = YES;
				MARKETING_VERSION = 1.0;
				PRODUCT_BUNDLE_IDENTIFIER = tini.CountriesUITests;
				PRODUCT_NAME = "$(TARGET_NAME)";
				SWIFT_EMIT_LOC_STRINGS = NO;
				SWIFT_VERSION = 5.0;
				TARGETED_DEVICE_FAMILY = "1,2";
				TEST_TARGET_NAME = Countries;
			};
			name = Debug;
		};
		3C3E377529C5B40C00438C4C /* Release */ = {
			isa = XCBuildConfiguration;
			buildSettings = {
				ALWAYS_EMBED_SWIFT_STANDARD_LIBRARIES = YES;
				CODE_SIGN_STYLE = Automatic;
				CURRENT_PROJECT_VERSION = 1;
				GENERATE_INFOPLIST_FILE = YES;
				MARKETING_VERSION = 1.0;
				PRODUCT_BUNDLE_IDENTIFIER = tini.CountriesUITests;
				PRODUCT_NAME = "$(TARGET_NAME)";
				SWIFT_EMIT_LOC_STRINGS = NO;
				SWIFT_VERSION = 5.0;
				TARGETED_DEVICE_FAMILY = "1,2";
				TEST_TARGET_NAME = Countries;
			};
			name = Release;
		};
/* End XCBuildConfiguration section */

/* Begin XCConfigurationList section */
		3C3E374429C5B40B00438C4C /* Build configuration list for PBXProject "Countries" */ = {
			isa = XCConfigurationList;
			buildConfigurations = (
				3C3E376B29C5B40C00438C4C /* Debug */,
				3C3E376C29C5B40C00438C4C /* Release */,
			);
			defaultConfigurationIsVisible = 0;
			defaultConfigurationName = Release;
		};
		3C3E376D29C5B40C00438C4C /* Build configuration list for PBXNativeTarget "Countries" */ = {
			isa = XCConfigurationList;
			buildConfigurations = (
				3C3E376E29C5B40C00438C4C /* Debug */,
				3C3E376F29C5B40C00438C4C /* Release */,
			);
			defaultConfigurationIsVisible = 0;
			defaultConfigurationName = Release;
		};
		3C3E377029C5B40C00438C4C /* Build configuration list for PBXNativeTarget "CountriesTests" */ = {
			isa = XCConfigurationList;
			buildConfigurations = (
				3C3E377129C5B40C00438C4C /* Debug */,
				3C3E377229C5B40C00438C4C /* Release */,
			);
			defaultConfigurationIsVisible = 0;
			defaultConfigurationName = Release;
		};
		3C3E377329C5B40C00438C4C /* Build configuration list for PBXNativeTarget "CountriesUITests" */ = {
			isa = XCConfigurationList;
			buildConfigurations = (
				3C3E377429C5B40C00438C4C /* Debug */,
				3C3E377529C5B40C00438C4C /* Release */,
			);
			defaultConfigurationIsVisible = 0;
			defaultConfigurationName = Release;
		};
/* End XCConfigurationList section */
	};
	rootObject = 3C3E374129C5B40B00438C4C /* Project object */;
}
